
Microsoft Visual Studio Solution File, Format Version 12.00
# Visual Studio Version 17
VisualStudioVersion = 17.9.34902.65
MinimumVisualStudioVersion = 10.0.40219.1
Project("{FAE04EC0-301F-11D3-BF4B-00C04F79EFBC}") = "Course", "Course\Course.csproj", "{968756DA-C795-4CA3-9079-8DCCCB04F53F}"
EndProject
Global
	GlobalSection(SolutionConfigurationPlatforms) = preSolution
		Debug|Any CPU = Debug|Any CPU
		Release|Any CPU = Release|Any CPU
	EndGlobalSection
	GlobalSection(ProjectConfigurationPlatforms) = postSolution
		{968756DA-C795-4CA3-9079-8DCCCB04F53F}.Debug|Any CPU.ActiveCfg = Debug|Any CPU
		{968756DA-C795-4CA3-9079-8DCCCB04F53F}.Debug|Any CPU.Build.0 = Debug|Any CPU
		{968756DA-C795-4CA3-9079-8DCCCB04F53F}.Release|Any CPU.ActiveCfg = Release|Any CPU
		{968756DA-C795-4CA3-9079-8DCCCB04F53F}.Release|Any CPU.Build.0 = Release|Any CPU
	EndGlobalSection
	GlobalSection(SolutionProperties) = preSolution
		HideSolutionNode = FALSE
	EndGlobalSection
	GlobalSection(ExtensibilityGlobals) = postSolution
		SolutionGuid = {F7CE5223-77DF-4F2F-A7AA-4DFE64975759}
	EndGlobalSection
EndGlobal
